
Microsoft Visual Studio Solution File, Format Version 12.00
# Visual Studio Version 17
VisualStudioVersion = 17.14.36518.9 d17.14
MinimumVisualStudioVersion = 10.0.40219.1
Project("{FAE04EC0-301F-11D3-BF4B-00C04F79EFBC}") = "calculator4", "calculator4\calculator4.csproj", "{A5AF710E-CBD4-49C0-9538-4EF6297B1851}"
EndProject
Global
	GlobalSection(SolutionConfigurationPlatforms) = preSolution
		Debug|Any CPU = Debug|Any CPU
		Release|Any CPU = Release|Any CPU
	EndGlobalSection
	GlobalSection(ProjectConfigurationPlatforms) = postSolution
		{A5AF710E-CBD4-49C0-9538-4EF6297B1851}.Debug|Any CPU.ActiveCfg = Debug|Any CPU
		{A5AF710E-CBD4-49C0-9538-4EF6297B1851}.Debug|Any CPU.Build.0 = Debug|Any CPU
		{A5AF710E-CBD4-49C0-9538-4EF6297B1851}.Release|Any CPU.ActiveCfg = Release|Any CPU
		{A5AF710E-CBD4-49C0-9538-4EF6297B1851}.Release|Any CPU.Build.0 = Release|Any CPU
	EndGlobalSection
	GlobalSection(SolutionProperties) = preSolution
		HideSolutionNode = FALSE
	EndGlobalSection
	GlobalSection(ExtensibilityGlobals) = postSolution
		SolutionGuid = {A9D7B074-272E-42FC-BFB4-C6A1564ED048}
	EndGlobalSection
EndGlobal
